
Microsoft Visual Studio Solution File, Format Version 12.00
# Visual Studio 15
VisualStudioVersion = 15.0.28307.271
MinimumVisualStudioVersion = 10.0.40219.1
Project("{FAE04EC0-301F-11D3-BF4B-00C04F79EFBC}") = "MongodbBugReport_ArithmeticException", "MongodbBugReport_ArithmeticException\MongodbBugReport_ArithmeticException.csproj", "{D5AFC450-CC60-4E0C-8142-2D57E1667526}"
EndProject
Global
	GlobalSection(SolutionConfigurationPlatforms) = preSolution
		Debug|Any CPU = Debug|Any CPU
		Release|Any CPU = Release|Any CPU
	EndGlobalSection
	GlobalSection(ProjectConfigurationPlatforms) = postSolution
		{D5AFC450-CC60-4E0C-8142-2D57E1667526}.Debug|Any CPU.ActiveCfg = Debug|Any CPU
		{D5AFC450-CC60-4E0C-8142-2D57E1667526}.Debug|Any CPU.Build.0 = Debug|Any CPU
		{D5AFC450-CC60-4E0C-8142-2D57E1667526}.Release|Any CPU.ActiveCfg = Release|Any CPU
		{D5AFC450-CC60-4E0C-8142-2D57E1667526}.Release|Any CPU.Build.0 = Release|Any CPU
	EndGlobalSection
	GlobalSection(SolutionProperties) = preSolution
		HideSolutionNode = FALSE
	EndGlobalSection
	GlobalSection(ExtensibilityGlobals) = postSolution
		SolutionGuid = {81240679-9CDD-45F5-8309-028F672C2F54}
	EndGlobalSection
EndGlobal
